// !$*UTF8*$!
{
	archiveVersion = 1;
	classes = {
	};
	objectVersion = 46;
	objects = {

/* Begin PBXBuildFile section */
		D35C426A1C8B6E8900B945AA /* AppDelegate.swift in Sources */ = {isa = PBXBuildFile; fileRef = D35C42691C8B6E8900B945AA /* AppDelegate.swift */; };
		D35C426C1C8B6E8900B945AA /* ViewController.swift in Sources */ = {isa = PBXBuildFile; fileRef = D35C426B1C8B6E8900B945AA /* ViewController.swift */; };
		D35C426F1C8B6E8900B945AA /* Main.storyboard in Resources */ = {isa = PBXBuildFile; fileRef = D35C426D1C8B6E8900B945AA /* Main.storyboard */; };
		D35C42711C8B6E8900B945AA /* Assets.xcassets in Resources */ = {isa = PBXBuildFile; fileRef = D35C42701C8B6E8900B945AA /* Assets.xcassets */; };
		D35C42741C8B6E8900B945AA /* LaunchScreen.storyboard in Resources */ = {isa = PBXBuildFile; fileRef = D35C42721C8B6E8900B945AA /* LaunchScreen.storyboard */; };
		D35C42831C8B82DB00B945AA /* audio in Resources */ = {isa = PBXBuildFile; fileRef = D35C42821C8B82DB00B945AA /* audio */; };
		D35C42851C8B832300B945AA /* Game.swift in Sources */ = {isa = PBXBuildFile; fileRef = D35C42841C8B832300B945AA /* Game.swift */; };
		D3B261F71C8B9900005DCD9C /* Character.swift in Sources */ = {isa = PBXBuildFile; fileRef = D3B261F61C8B9900005DCD9C /* Character.swift */; };
		D3B261F91C8B998F005DCD9C /* Hero.swift in Sources */ = {isa = PBXBuildFile; fileRef = D3B261F81C8B998F005DCD9C /* Hero.swift */; };
		D3B261FB1C8B99A3005DCD9C /* Enemy.swift in Sources */ = {isa = PBXBuildFile; fileRef = D3B261FA1C8B99A3005DCD9C /* Enemy.swift */; };
/* End PBXBuildFile section */

/* Begin PBXFileReference section */
		D35C42661C8B6E8900B945AA /* 2player-combat.app */ = {isa = PBXFileReference; explicitFileType = wrapper.application; includeInIndex = 0; path = "2player-combat.app"; sourceTree = BUILT_PRODUCTS_DIR; };
		D35C42691C8B6E8900B945AA /* AppDelegate.swift */ = {isa = PBXFileReference; lastKnownFileType = sourcecode.swift; path = AppDelegate.swift; sourceTree = "<group>"; };
		D35C426B1C8B6E8900B945AA /* ViewController.swift */ = {isa = PBXFileReference; lastKnownFileType = sourcecode.swift; path = ViewController.swift; sourceTree = "<group>"; };
		D35C426E1C8B6E8900B945AA /* Base */ = {isa = PBXFileReference; lastKnownFileType = file.storyboard; name = Base; path = Base.lproj/Main.storyboard; sourceTree = "<group>"; };
		D35C42701C8B6E8900B945AA /* Assets.xcassets */ = {isa = PBXFileReference; lastKnownFileType = folder.assetcatalog; path = Assets.xcassets; sourceTree = "<group>"; };
		D35C42731C8B6E8900B945AA /* Base */ = {isa = PBXFileReference; lastKnownFileType = file.storyboard; name = Base; path = Base.lproj/LaunchScreen.storyboard; sourceTree = "<group>"; };
		D35C42751C8B6E8900B945AA /* Info.plist */ = {isa = PBXFileReference; lastKnownFileType = text.plist.xml; path = Info.plist; sourceTree = "<group>"; };
		D35C42821C8B82DB00B945AA /* audio */ = {isa = PBXFileReference; lastKnownFileType = folder; path = audio; sourceTree = "<group>"; };
		D35C42841C8B832300B945AA /* Game.swift */ = {isa = PBXFileReference; fileEncoding = 4; lastKnownFileType = sourcecode.swift; path = Game.swift; sourceTree = "<group>"; };
		D3B261F61C8B9900005DCD9C /* Character.swift */ = {isa = PBXFileReference; fileEncoding = 4; lastKnownFileType = sourcecode.swift; path = Character.swift; sourceTree = "<group>"; };
		D3B261F81C8B998F005DCD9C /* Hero.swift */ = {isa = PBXFileReference; fileEncoding = 4; lastKnownFileType = sourcecode.swift; path = Hero.swift; sourceTree = "<group>"; };
		D3B261FA1C8B99A3005DCD9C /* Enemy.swift */ = {isa = PBXFileReference; fileEncoding = 4; lastKnownFileType = sourcecode.swift; path = Enemy.swift; sourceTree = "<group>"; };
/* End PBXFileReference section */

/* Begin PBXFrameworksBuildPhase section */
		D35C42631C8B6E8900B945AA /* Frameworks */ = {
			isa = PBXFrameworksBuildPhase;
			buildActionMask = 2147483647;
			files = (
			);
			runOnlyForDeploymentPostprocessing = 0;
		};
/* End PBXFrameworksBuildPhase section */

/* Begin PBXGroup section */
		D35C425D1C8B6E8900B945AA = {
			isa = PBXGroup;
			children = (
				D35C42681C8B6E8900B945AA /* 2player-combat */,
				D35C42671C8B6E8900B945AA /* Products */,
			);
			sourceTree = "<group>";
		};
		D35C42671C8B6E8900B945AA /* Products */ = {
			isa = PBXGroup;
			children = (
				D35C42661C8B6E8900B945AA /* 2player-combat.app */,
			);
			name = Products;
			sourceTree = "<group>";
		};
		D35C42681C8B6E8900B945AA /* 2player-combat */ = {
			isa = PBXGroup;
			children = (
				D35C42821C8B82DB00B945AA /* audio */,
				D35C42691C8B6E8900B945AA /* AppDelegate.swift */,
				D35C426B1C8B6E8900B945AA /* ViewController.swift */,
				D35C426D1C8B6E8900B945AA /* Main.storyboard */,
				D35C42701C8B6E8900B945AA /* Assets.xcassets */,
				D35C42721C8B6E8900B945AA /* LaunchScreen.storyboard */,
				D35C42751C8B6E8900B945AA /* Info.plist */,
				D35C42841C8B832300B945AA /* Game.swift */,
				D3B261F61C8B9900005DCD9C /* Character.swift */,
				D3B261F81C8B998F005DCD9C /* Hero.swift */,
				D3B261FA1C8B99A3005DCD9C /* Enemy.swift */,
			);
			path = "2player-combat";
			sourceTree = "<group>";
		};
/* End PBXGroup section */

/* Begin PBXNativeTarget section */
		D35C42651C8B6E8900B945AA /* 2player-combat */ = {
			isa = PBXNativeTarget;
			buildConfigurationList = D35C42781C8B6E8900B945AA /* Build configuration list for PBXNativeTarget "2player-combat" */;
			buildPhases = (
				D35C42621C8B6E8900B945AA /* Sources */,
				D35C42631C8B6E8900B945AA /* Frameworks */,
				D35C42641C8B6E8900B945AA /* Resources */,
			);
			buildRules = (
			);
			dependencies = (
			);
			name = "2player-combat";
			productName = "2player-combat";
			productReference = D35C42661C8B6E8900B945AA /* 2player-combat.app */;
			productType = "com.apple.product-type.application";
		};
/* End PBXNativeTarget section */

/* Begin PBXProject section */
		D35C425E1C8B6E8900B945AA /* Project object */ = {
			isa = PBXProject;
			attributes = {
				LastSwiftUpdateCheck = 0720;
				LastUpgradeCheck = 0720;
				ORGANIZATIONNAME = Brian;
				TargetAttributes = {
					D35C42651C8B6E8900B945AA = {
						CreatedOnToolsVersion = 7.2.1;
					};
				};
			};
			buildConfigurationList = D35C42611C8B6E8900B945AA /* Build configuration list for PBXProject "2player-combat" */;
			compatibilityVersion = "Xcode 3.2";
			developmentRegion = English;
			hasScannedForEncodings = 0;
			knownRegions = (
				en,
				Base,
			);
			mainGroup = D35C425D1C8B6E8900B945AA;
			productRefGroup = D35C42671C8B6E8900B945AA /* Products */;
			projectDirPath = "";
			projectRoot = "";
			targets = (
				D35C42651C8B6E8900B945AA /* 2player-combat */,
			);
		};
/* End PBXProject section */

/* Begin PBXResourcesBuildPhase section */
		D35C42641C8B6E8900B945AA /* Resources */ = {
			isa = PBXResourcesBuildPhase;
			buildActionMask = 2147483647;
			files = (
				D35C42741C8B6E8900B945AA /* LaunchScreen.storyboard in Resources */,
				D35C42711C8B6E8900B945AA /* Assets.xcassets in Resources */,
				D35C426F1C8B6E8900B945AA /* Main.storyboard in Resources */,
				D35C42831C8B82DB00B945AA /* audio in Resources */,
			);
			runOnlyForDeploymentPostprocessing = 0;
		};
/* End PBXResourcesBuildPhase section */

/* Begin PBXSourcesBuildPhase section */
		D35C42621C8B6E8900B945AA /* Sources */ = {
			isa = PBXSourcesBuildPhase;
			buildActionMask = 2147483647;
			files = (
				D3B261F91C8B998F005DCD9C /* Hero.swift in Sources */,
				D35C426C1C8B6E8900B945AA /* ViewController.swift in Sources */,
				D3B261FB1C8B99A3005DCD9C /* Enemy.swift in Sources */,
				D35C42851C8B832300B945AA /* Game.swift in Sources */,
				D35C426A1C8B6E8900B945AA /* AppDelegate.swift in Sources */,
				D3B261F71C8B9900005DCD9C /* Character.swift in Sources */,
			);
			runOnlyForDeploymentPostprocessing = 0;
		};
/* End PBXSourcesBuildPhase section */

/* Begin PBXVariantGroup section */
		D35C426D1C8B6E8900B945AA /* Main.storyboard */ = {
			isa = PBXVariantGroup;
			children = (
				D35C426E1C8B6E8900B945AA /* Base */,
			);
			name = Main.storyboard;
			sourceTree = "<group>";
		};
		D35C42721C8B6E8900B945AA /* LaunchScreen.storyboard */ = {
			isa = PBXVariantGroup;
			children = (
				D35C42731C8B6E8900B945AA /* Base */,
			);
			name = LaunchScreen.storyboard;
			sourceTree = "<group>";
		};
/* End PBXVariantGroup section */

/* Begin XCBuildConfiguration section */
		D35C42761C8B6E8900B945AA /* Debug */ = {
			isa = XCBuildConfiguration;
			buildSettings = {
				ALWAYS_SEARCH_USER_PATHS = NO;
				CLANG_CXX_LANGUAGE_STANDARD = "gnu++0x";
				CLANG_CXX_LIBRARY = "libc++";
				CLANG_ENABLE_MODULES = YES;
				CLANG_ENABLE_OBJC_ARC = YES;
				CLANG_WARN_BOOL_CONVERSION = YES;
				CLANG_WARN_CONSTANT_CONVERSION = YES;
				CLANG_WARN_DIRECT_OBJC_ISA_USAGE = YES_ERROR;
				CLANG_WARN_EMPTY_BODY = YES;
				CLANG_WARN_ENUM_CONVERSION = YES;
				CLANG_WARN_INT_CONVERSION = YES;
				CLANG_WARN_OBJC_ROOT_CLASS = YES_ERROR;
				CLANG_WARN_UNREACHABLE_CODE = YES;
				CLANG_WARN__DUPLICATE_METHOD_MATCH = YES;
				"CODE_SIGN_IDENTITY[sdk=iphoneos*]" = "iPhone Developer";
				COPY_PHASE_STRIP = NO;
				DEBUG_INFORMATION_FORMAT = dwarf;
				ENABLE_STRICT_OBJC_MSGSEND = YES;
				ENABLE_TESTABILITY = YES;
				GCC_C_LANGUAGE_STANDARD = gnu99;
				GCC_DYNAMIC_NO_PIC = NO;
				GCC_NO_COMMON_BLOCKS = YES;
				GCC_OPTIMIZATION_LEVEL = 0;
				GCC_PREPROCESSOR_DEFINITIONS = (
					"DEBUG=1",
					"$(inherited)",
				);
				GCC_WARN_64_TO_32_BIT_CONVERSION = YES;
				GCC_WARN_ABOUT_RETURN_TYPE = YES_ERROR;
				GCC_WARN_UNDECLARED_SELECTOR = YES;
				GCC_WARN_UNINITIALIZED_AUTOS = YES_AGGRESSIVE;
				GCC_WARN_UNUSED_FUNCTION = YES;
				GCC_WARN_UNUSED_VARIABLE = YES;
				IPHONEOS_DEPLOYMENT_TARGET = 9.2;
				MTL_ENABLE_DEBUG_INFO = YES;
				ONLY_ACTIVE_ARCH = YES;
				SDKROOT = iphoneos;
				SWIFT_OPTIMIZATION_LEVEL = "-Onone";
			};
			name = Debug;
		};
		D35C42771C8B6E8900B945AA /* Release */ = {
			isa = XCBuildConfiguration;
			buildSettings = {
				ALWAYS_SEARCH_USER_PATHS = NO;
				CLANG_CXX_LANGUAGE_STANDARD = "gnu++0x";
				CLANG_CXX_LIBRARY = "libc++";
				CLANG_ENABLE_MODULES = YES;
				CLANG_ENABLE_OBJC_ARC = YES;
				CLANG_WARN_BOOL_CONVERSION = YES;
				CLANG_WARN_CONSTANT_CONVERSION = YES;
				CLANG_WARN_DIRECT_OBJC_ISA_USAGE = YES_ERROR;
				CLANG_WARN_EMPTY_BODY = YES;
				CLANG_WARN_ENUM_CONVERSION = YES;
				CLANG_WARN_INT_CONVERSION = YES;
				CLANG_WARN_OBJC_ROOT_CLASS = YES_ERROR;
				CLANG_WARN_UNREACHABLE_CODE = YES;
				CLANG_WARN__DUPLICATE_METHOD_MATCH = YES;
				"CODE_SIGN_IDENTITY[sdk=iphoneos*]" = "iPhone Developer";
				COPY_PHASE_STRIP = NO;
				DEBUG_INFORMATION_FORMAT = "dwarf-with-dsym";
				ENABLE_NS_ASSERTIONS = NO;
				ENABLE_STRICT_OBJC_MSGSEND = YES;
				GCC_C_LANGUAGE_STANDARD = gnu99;
				GCC_NO_COMMON_BLOCKS = YES;
				GCC_WARN_64_TO_32_BIT_CONVERSION = YES;
				GCC_WARN_ABOUT_RETURN_TYPE = YES_ERROR;
				GCC_WARN_UNDECLARED_SELECTOR = YES;
				GCC_WARN_UNINITIALIZED_AUTOS = YES_AGGRESSIVE;
				GCC_WARN_UNUSED_FUNCTION = YES;
				GCC_WARN_UNUSED_VARIABLE = YES;
				IPHONEOS_DEPLOYMENT_TARGET = 9.2;
				MTL_ENABLE_DEBUG_INFO = NO;
				SDKROOT = iphoneos;
				VALIDATE_PRODUCT = YES;
			};
			name = Release;
		};
		D35C42791C8B6E8900B945AA /* Debug */ = {
			isa = XCBuildConfiguration;
			buildSettings = {
				ASSETCATALOG_COMPILER_APPICON_NAME = AppIcon;
				INFOPLIST_FILE = "2player-combat/Info.plist";
				LD_RUNPATH_SEARCH_PATHS = "$(inherited) @executable_path/Frameworks";
				PRODUCT_BUNDLE_IDENTIFIER = "com.briangilbreath.-player-combat";
				PRODUCT_NAME = "$(TARGET_NAME)";
			};
			name = Debug;
		};
		D35C427A1C8B6E8900B945AA /* Release */ = {
			isa = XCBuildConfiguration;
			buildSettings = {
				ASSETCATALOG_COMPILER_APPICON_NAME = AppIcon;
				INFOPLIST_FILE = "2player-combat/Info.plist";
				LD_RUNPATH_SEARCH_PATHS = "$(inherited) @executable_path/Frameworks";
				PRODUCT_BUNDLE_IDENTIFIER = "com.briangilbreath.-player-combat";
				PRODUCT_NAME = "$(TARGET_NAME)";
			};
			name = Release;
		};
/* End XCBuildConfiguration section */

/* Begin XCConfigurationList section */
		D35C42611C8B6E8900B945AA /* Build configuration list for PBXProject "2player-combat" */ = {
			isa = XCConfigurationList;
			buildConfigurations = (
				D35C42761C8B6E8900B945AA /* Debug */,
				D35C42771C8B6E8900B945AA /* Release */,
			);
			defaultConfigurationIsVisible = 0;
			defaultConfigurationName = Release;
		};
		D35C42781C8B6E8900B945AA /* Build configuration list for PBXNativeTarget "2player-combat" */ = {
			isa = XCConfigurationList;
			buildConfigurations = (
				D35C42791C8B6E8900B945AA /* Debug */,
				D35C427A1C8B6E8900B945AA /* Release */,
			);
			defaultConfigurationIsVisible = 0;
			defaultConfigurationName = Release;
		};
/* End XCConfigurationList section */
	};
	rootObject = D35C425E1C8B6E8900B945AA /* Project object */;
}
